
Microsoft Visual Studio Solution File, Format Version 12.00
# Visual Studio Version 16
VisualStudioVersion = 16.0.29319.158
MinimumVisualStudioVersion = 10.0.40219.1
Project("{FAE04EC0-301F-11D3-BF4B-00C04F79EFBC}") = "ASCIICombiner", "ASCIICombiner\ASCIICombiner.csproj", "{52D6FA39-FF9D-4DD2-9EB7-6C3597D20589}"
EndProject
Project("{FAE04EC0-301F-11D3-BF4B-00C04F79EFBC}") = "ASCIICombinerClassLibrary", "ASCIICombinerClassLibrary\ASCIICombinerClassLibrary.csproj", "{040194B9-10D6-4F26-80E5-239023277E6F}"
EndProject
Global
	GlobalSection(SolutionConfigurationPlatforms) = preSolution
		Debug|Any CPU = Debug|Any CPU
		Release|Any CPU = Release|Any CPU
	EndGlobalSection
	GlobalSection(ProjectConfigurationPlatforms) = postSolution
		{52D6FA39-FF9D-4DD2-9EB7-6C3597D20589}.Debug|Any CPU.ActiveCfg = Debug|Any CPU
		{52D6FA39-FF9D-4DD2-9EB7-6C3597D20589}.Debug|Any CPU.Build.0 = Debug|Any CPU
		{52D6FA39-FF9D-4DD2-9EB7-6C3597D20589}.Release|Any CPU.ActiveCfg = Release|Any CPU
		{52D6FA39-FF9D-4DD2-9EB7-6C3597D20589}.Release|Any CPU.Build.0 = Release|Any CPU
		{040194B9-10D6-4F26-80E5-239023277E6F}.Debug|Any CPU.ActiveCfg = Debug|Any CPU
		{040194B9-10D6-4F26-80E5-239023277E6F}.Debug|Any CPU.Build.0 = Debug|Any CPU
		{040194B9-10D6-4F26-80E5-239023277E6F}.Release|Any CPU.ActiveCfg = Release|Any CPU
		{040194B9-10D6-4F26-80E5-239023277E6F}.Release|Any CPU.Build.0 = Release|Any CPU
	EndGlobalSection
	GlobalSection(SolutionProperties) = preSolution
		HideSolutionNode = FALSE
	EndGlobalSection
	GlobalSection(ExtensibilityGlobals) = postSolution
		SolutionGuid = {FAA24CE1-39C9-45FF-BD2D-087BEB57345B}
	EndGlobalSection
EndGlobal
